
Microsoft Visual Studio Solution File, Format Version 12.00
# Visual Studio Version 17
VisualStudioVersion = 17.11.35303.130
MinimumVisualStudioVersion = 10.0.40219.1
Project("{FAE04EC0-301F-11D3-BF4B-00C04F79EFBC}") = "Domain", "Domain\Domain.csproj", "{B17625FE-46F7-45DB-B886-98C66E96A1CC}"
EndProject
Project("{FAE04EC0-301F-11D3-BF4B-00C04F79EFBC}") = "SQLDataAccess", "SQLDataAccess\SQLDataAccess.csproj", "{75DC1F8C-103F-4347-8376-B0C6ADE2E2E3}"
EndProject
Project("{FAE04EC0-301F-11D3-BF4B-00C04F79EFBC}") = "UI", "UI\UI.csproj", "{BA9E5D88-1AF5-44B9-9E0A-20AFAEA7FD7C}"
EndProject
Project("{FAE04EC0-301F-11D3-BF4B-00C04F79EFBC}") = "Test", "Test\Test.csproj", "{824D6A1A-3700-4585-9134-5423D72E4E99}"
EndProject
Global
	GlobalSection(SolutionConfigurationPlatforms) = preSolution
		Debug|Any CPU = Debug|Any CPU
		Release|Any CPU = Release|Any CPU
	EndGlobalSection
	GlobalSection(ProjectConfigurationPlatforms) = postSolution
		{B17625FE-46F7-45DB-B886-98C66E96A1CC}.Debug|Any CPU.ActiveCfg = Debug|Any CPU
		{B17625FE-46F7-45DB-B886-98C66E96A1CC}.Debug|Any CPU.Build.0 = Debug|Any CPU
		{B17625FE-46F7-45DB-B886-98C66E96A1CC}.Release|Any CPU.ActiveCfg = Release|Any CPU
		{B17625FE-46F7-45DB-B886-98C66E96A1CC}.Release|Any CPU.Build.0 = Release|Any CPU
		{75DC1F8C-103F-4347-8376-B0C6ADE2E2E3}.Debug|Any CPU.ActiveCfg = Debug|Any CPU
		{75DC1F8C-103F-4347-8376-B0C6ADE2E2E3}.Debug|Any CPU.Build.0 = Debug|Any CPU
		{75DC1F8C-103F-4347-8376-B0C6ADE2E2E3}.Release|Any CPU.ActiveCfg = Release|Any CPU
		{75DC1F8C-103F-4347-8376-B0C6ADE2E2E3}.Release|Any CPU.Build.0 = Release|Any CPU
		{BA9E5D88-1AF5-44B9-9E0A-20AFAEA7FD7C}.Debug|Any CPU.ActiveCfg = Debug|Any CPU
		{BA9E5D88-1AF5-44B9-9E0A-20AFAEA7FD7C}.Debug|Any CPU.Build.0 = Debug|Any CPU
		{BA9E5D88-1AF5-44B9-9E0A-20AFAEA7FD7C}.Release|Any CPU.ActiveCfg = Release|Any CPU
		{BA9E5D88-1AF5-44B9-9E0A-20AFAEA7FD7C}.Release|Any CPU.Build.0 = Release|Any CPU
		{824D6A1A-3700-4585-9134-5423D72E4E99}.Debug|Any CPU.ActiveCfg = Debug|Any CPU
		{824D6A1A-3700-4585-9134-5423D72E4E99}.Debug|Any CPU.Build.0 = Debug|Any CPU
		{824D6A1A-3700-4585-9134-5423D72E4E99}.Release|Any CPU.ActiveCfg = Release|Any CPU
		{824D6A1A-3700-4585-9134-5423D72E4E99}.Release|Any CPU.Build.0 = Release|Any CPU
	EndGlobalSection
	GlobalSection(SolutionProperties) = preSolution
		HideSolutionNode = FALSE
	EndGlobalSection
	GlobalSection(ExtensibilityGlobals) = postSolution
		SolutionGuid = {AC7C9280-4865-4268-8666-D3A83D96B283}
	EndGlobalSection
EndGlobal
